
Microsoft Visual Studio Solution File, Format Version 12.00
# Visual Studio 15
VisualStudioVersion = 15.0.28307.421
MinimumVisualStudioVersion = 10.0.40219.1
Project("{FAE04EC0-301F-11D3-BF4B-00C04F79EFBC}") = "WpfApp1", "WpfApp1\WpfApp1.csproj", "{DA6B6D48-2319-4AD0-96DB-F66A82412A72}"
EndProject
Global
	GlobalSection(SolutionConfigurationPlatforms) = preSolution
		Debug|Any CPU = Debug|Any CPU
		Release|Any CPU = Release|Any CPU
	EndGlobalSection
	GlobalSection(ProjectConfigurationPlatforms) = postSolution
		{DA6B6D48-2319-4AD0-96DB-F66A82412A72}.Debug|Any CPU.ActiveCfg = Debug|Any CPU
		{DA6B6D48-2319-4AD0-96DB-F66A82412A72}.Debug|Any CPU.Build.0 = Debug|Any CPU
		{DA6B6D48-2319-4AD0-96DB-F66A82412A72}.Release|Any CPU.ActiveCfg = Release|Any CPU
		{DA6B6D48-2319-4AD0-96DB-F66A82412A72}.Release|Any CPU.Build.0 = Release|Any CPU
	EndGlobalSection
	GlobalSection(SolutionProperties) = preSolution
		HideSolutionNode = FALSE
	EndGlobalSection
	GlobalSection(ExtensibilityGlobals) = postSolution
		SolutionGuid = {85264E1A-188D-4A74-BD58-D2C7BF3C3379}
	EndGlobalSection
EndGlobal
